
Microsoft Visual Studio Solution File, Format Version 12.00
# Visual Studio Version 17
VisualStudioVersion = 17.8.34525.116
MinimumVisualStudioVersion = 10.0.40219.1
Project("{FAE04EC0-301F-11D3-BF4B-00C04F79EFBC}") = "TiendaComputadora", "TiendaComputadora\TiendaComputadora.csproj", "{EAA0944B-E34C-497A-A473-681C4BEBF775}"
EndProject
Global
	GlobalSection(SolutionConfigurationPlatforms) = preSolution
		Debug|Any CPU = Debug|Any CPU
		Release|Any CPU = Release|Any CPU
	EndGlobalSection
	GlobalSection(ProjectConfigurationPlatforms) = postSolution
		{EAA0944B-E34C-497A-A473-681C4BEBF775}.Debug|Any CPU.ActiveCfg = Debug|Any CPU
		{EAA0944B-E34C-497A-A473-681C4BEBF775}.Debug|Any CPU.Build.0 = Debug|Any CPU
		{EAA0944B-E34C-497A-A473-681C4BEBF775}.Release|Any CPU.ActiveCfg = Release|Any CPU
		{EAA0944B-E34C-497A-A473-681C4BEBF775}.Release|Any CPU.Build.0 = Release|Any CPU
	EndGlobalSection
	GlobalSection(SolutionProperties) = preSolution
		HideSolutionNode = FALSE
	EndGlobalSection
	GlobalSection(ExtensibilityGlobals) = postSolution
		SolutionGuid = {306C7E46-D2C8-4085-A635-41DB01539388}
	EndGlobalSection
EndGlobal
