
Microsoft Visual Studio Solution File, Format Version 12.00
# Visual Studio Version 17
VisualStudioVersion = 17.8.34525.116
MinimumVisualStudioVersion = 10.0.40219.1
Project("{FAE04EC0-301F-11D3-BF4B-00C04F79EFBC}") = "gym", "gym\gym.csproj", "{43212715-BBBC-4CA5-AA6A-5B90B31B25D9}"
EndProject
Global
	GlobalSection(SolutionConfigurationPlatforms) = preSolution
		Debug|Any CPU = Debug|Any CPU
		Release|Any CPU = Release|Any CPU
	EndGlobalSection
	GlobalSection(ProjectConfigurationPlatforms) = postSolution
		{43212715-BBBC-4CA5-AA6A-5B90B31B25D9}.Debug|Any CPU.ActiveCfg = Debug|Any CPU
		{43212715-BBBC-4CA5-AA6A-5B90B31B25D9}.Debug|Any CPU.Build.0 = Debug|Any CPU
		{43212715-BBBC-4CA5-AA6A-5B90B31B25D9}.Release|Any CPU.ActiveCfg = Release|Any CPU
		{43212715-BBBC-4CA5-AA6A-5B90B31B25D9}.Release|Any CPU.Build.0 = Release|Any CPU
	EndGlobalSection
	GlobalSection(SolutionProperties) = preSolution
		HideSolutionNode = FALSE
	EndGlobalSection
	GlobalSection(ExtensibilityGlobals) = postSolution
		SolutionGuid = {835FDBC8-15BC-44FC-8BE2-EACD2F5F0AF3}
	EndGlobalSection
EndGlobal
