
Microsoft Visual Studio Solution File, Format Version 12.00
# Visual Studio Version 17
VisualStudioVersion = 17.8.34525.116
MinimumVisualStudioVersion = 10.0.40219.1
Project("{FAE04EC0-301F-11D3-BF4B-00C04F79EFBC}") = "UsoCuent", "UsoCuent\UsoCuent.csproj", "{0AE12017-167F-424C-A954-B63BD9DB6C4C}"
EndProject
Global
	GlobalSection(SolutionConfigurationPlatforms) = preSolution
		Debug|Any CPU = Debug|Any CPU
		Release|Any CPU = Release|Any CPU
	EndGlobalSection
	GlobalSection(ProjectConfigurationPlatforms) = postSolution
		{0AE12017-167F-424C-A954-B63BD9DB6C4C}.Debug|Any CPU.ActiveCfg = Debug|Any CPU
		{0AE12017-167F-424C-A954-B63BD9DB6C4C}.Debug|Any CPU.Build.0 = Debug|Any CPU
		{0AE12017-167F-424C-A954-B63BD9DB6C4C}.Release|Any CPU.ActiveCfg = Release|Any CPU
		{0AE12017-167F-424C-A954-B63BD9DB6C4C}.Release|Any CPU.Build.0 = Release|Any CPU
	EndGlobalSection
	GlobalSection(SolutionProperties) = preSolution
		HideSolutionNode = FALSE
	EndGlobalSection
	GlobalSection(ExtensibilityGlobals) = postSolution
		SolutionGuid = {6ACC3909-FD5A-4435-8590-80281089AC41}
	EndGlobalSection
EndGlobal
