
Microsoft Visual Studio Solution File, Format Version 12.00
# Visual Studio Version 17
VisualStudioVersion = 17.8.34525.116
MinimumVisualStudioVersion = 10.0.40219.1
Project("{FAE04EC0-301F-11D3-BF4B-00C04F79EFBC}") = "velocidades", "velocidades\velocidades.csproj", "{870BEAB2-23A4-4D6D-93B1-F4E28E7B5909}"
EndProject
Global
	GlobalSection(SolutionConfigurationPlatforms) = preSolution
		Debug|Any CPU = Debug|Any CPU
		Release|Any CPU = Release|Any CPU
	EndGlobalSection
	GlobalSection(ProjectConfigurationPlatforms) = postSolution
		{870BEAB2-23A4-4D6D-93B1-F4E28E7B5909}.Debug|Any CPU.ActiveCfg = Debug|Any CPU
		{870BEAB2-23A4-4D6D-93B1-F4E28E7B5909}.Debug|Any CPU.Build.0 = Debug|Any CPU
		{870BEAB2-23A4-4D6D-93B1-F4E28E7B5909}.Release|Any CPU.ActiveCfg = Release|Any CPU
		{870BEAB2-23A4-4D6D-93B1-F4E28E7B5909}.Release|Any CPU.Build.0 = Release|Any CPU
	EndGlobalSection
	GlobalSection(SolutionProperties) = preSolution
		HideSolutionNode = FALSE
	EndGlobalSection
	GlobalSection(ExtensibilityGlobals) = postSolution
		SolutionGuid = {F75A51F1-1132-474A-B622-40ABEA585B27}
	EndGlobalSection
EndGlobal
