
Microsoft Visual Studio Solution File, Format Version 12.00
# Visual Studio Version 17
VisualStudioVersion = 17.5.002.0
MinimumVisualStudioVersion = 10.0.40219.1
Project("{9A19103F-16F7-4668-BE54-9A1E7A4F7556}") = "projectef", "projectef.csproj", "{CDB6655E-91F7-45B5-963C-21EB9940964F}"
EndProject
Global
	GlobalSection(SolutionConfigurationPlatforms) = preSolution
		Debug|Any CPU = Debug|Any CPU
		Release|Any CPU = Release|Any CPU
	EndGlobalSection
	GlobalSection(ProjectConfigurationPlatforms) = postSolution
		{CDB6655E-91F7-45B5-963C-21EB9940964F}.Debug|Any CPU.ActiveCfg = Debug|Any CPU
		{CDB6655E-91F7-45B5-963C-21EB9940964F}.Debug|Any CPU.Build.0 = Debug|Any CPU
		{CDB6655E-91F7-45B5-963C-21EB9940964F}.Release|Any CPU.ActiveCfg = Release|Any CPU
		{CDB6655E-91F7-45B5-963C-21EB9940964F}.Release|Any CPU.Build.0 = Release|Any CPU
	EndGlobalSection
	GlobalSection(SolutionProperties) = preSolution
		HideSolutionNode = FALSE
	EndGlobalSection
	GlobalSection(ExtensibilityGlobals) = postSolution
		SolutionGuid = {6AA92BB1-3E42-49C4-999F-8FC7FC9A132C}
	EndGlobalSection
EndGlobal
