
Microsoft Visual Studio Solution File, Format Version 12.00
# Visual Studio Version 17
VisualStudioVersion = 17.8.34525.116
MinimumVisualStudioVersion = 10.0.40219.1
Project("{FAE04EC0-301F-11D3-BF4B-00C04F79EFBC}") = "POLIFORMISMO", "POLIFORMISMO\POLIFORMISMO.csproj", "{111E9193-BB00-4486-8B90-9EA0BCFA8E00}"
EndProject
Global
	GlobalSection(SolutionConfigurationPlatforms) = preSolution
		Debug|Any CPU = Debug|Any CPU
		Release|Any CPU = Release|Any CPU
	EndGlobalSection
	GlobalSection(ProjectConfigurationPlatforms) = postSolution
		{111E9193-BB00-4486-8B90-9EA0BCFA8E00}.Debug|Any CPU.ActiveCfg = Debug|Any CPU
		{111E9193-BB00-4486-8B90-9EA0BCFA8E00}.Debug|Any CPU.Build.0 = Debug|Any CPU
		{111E9193-BB00-4486-8B90-9EA0BCFA8E00}.Release|Any CPU.ActiveCfg = Release|Any CPU
		{111E9193-BB00-4486-8B90-9EA0BCFA8E00}.Release|Any CPU.Build.0 = Release|Any CPU
	EndGlobalSection
	GlobalSection(SolutionProperties) = preSolution
		HideSolutionNode = FALSE
	EndGlobalSection
	GlobalSection(ExtensibilityGlobals) = postSolution
		SolutionGuid = {5E5C7D6B-E563-49F4-BBEA-7EA8594E207B}
	EndGlobalSection
EndGlobal
