
Microsoft Visual Studio Solution File, Format Version 12.00
# Visual Studio Version 17
VisualStudioVersion = 17.8.34525.116
MinimumVisualStudioVersion = 10.0.40219.1
Project("{FAE04EC0-301F-11D3-BF4B-00C04F79EFBC}") = "rango edades", "rango edades\rango edades.csproj", "{E78B7303-130B-453A-BA1C-75FB9D6387F9}"
EndProject
Global
	GlobalSection(SolutionConfigurationPlatforms) = preSolution
		Debug|Any CPU = Debug|Any CPU
		Release|Any CPU = Release|Any CPU
	EndGlobalSection
	GlobalSection(ProjectConfigurationPlatforms) = postSolution
		{E78B7303-130B-453A-BA1C-75FB9D6387F9}.Debug|Any CPU.ActiveCfg = Debug|Any CPU
		{E78B7303-130B-453A-BA1C-75FB9D6387F9}.Debug|Any CPU.Build.0 = Debug|Any CPU
		{E78B7303-130B-453A-BA1C-75FB9D6387F9}.Release|Any CPU.ActiveCfg = Release|Any CPU
		{E78B7303-130B-453A-BA1C-75FB9D6387F9}.Release|Any CPU.Build.0 = Release|Any CPU
	EndGlobalSection
	GlobalSection(SolutionProperties) = preSolution
		HideSolutionNode = FALSE
	EndGlobalSection
	GlobalSection(ExtensibilityGlobals) = postSolution
		SolutionGuid = {BA85CDB5-D167-4F74-B211-D1AC4AA3B371}
	EndGlobalSection
EndGlobal
